// !$*UTF8*$!
{
	archiveVersion = 1;
	classes = {
	};
	objectVersion = 50;
	objects = {

/* Begin PBXBuildFile section */
		E77D01AC243A19180094A3EB /* AppDelegate.swift in Sources */ = {isa = PBXBuildFile; fileRef = E77D01AB243A19180094A3EB /* AppDelegate.swift */; };
		E77D01AE243A19180094A3EB /* SceneDelegate.swift in Sources */ = {isa = PBXBuildFile; fileRef = E77D01AD243A19180094A3EB /* SceneDelegate.swift */; };
		E77D01B0243A19180094A3EB /* NutritionViewController.swift in Sources */ = {isa = PBXBuildFile; fileRef = E77D01AF243A19180094A3EB /* NutritionViewController.swift */; };
		E77D01B3243A19180094A3EB /* Main.storyboard in Resources */ = {isa = PBXBuildFile; fileRef = E77D01B1243A19180094A3EB /* Main.storyboard */; };
		E77D01B5243A19210094A3EB /* Assets.xcassets in Resources */ = {isa = PBXBuildFile; fileRef = E77D01B4243A19210094A3EB /* Assets.xcassets */; };
		E77D01B8243A19210094A3EB /* LaunchScreen.storyboard in Resources */ = {isa = PBXBuildFile; fileRef = E77D01B6243A19210094A3EB /* LaunchScreen.storyboard */; };
		E77D01C3243A19220094A3EB /* NutritionTests.swift in Sources */ = {isa = PBXBuildFile; fileRef = E77D01C2243A19220094A3EB /* NutritionTests.swift */; };
		E77D01CF243A19C90094A3EB /* HTTPControllerTests.swift in Sources */ = {isa = PBXBuildFile; fileRef = E77D01CE243A19C90094A3EB /* HTTPControllerTests.swift */; };
		E77D01D1243A19DD0094A3EB /* HTTPController.swift in Sources */ = {isa = PBXBuildFile; fileRef = E77D01D0243A19DD0094A3EB /* HTTPController.swift */; };
		E77D01D5243A1CD00094A3EB /* Requests.swift in Sources */ = {isa = PBXBuildFile; fileRef = E77D01D4243A1CD00094A3EB /* Requests.swift */; };
		E77D01D8243A26F80094A3EB /* NutritionApiService.swift in Sources */ = {isa = PBXBuildFile; fileRef = E77D01D7243A26F80094A3EB /* NutritionApiService.swift */; };
		E77D01DB243A2CED0094A3EB /* NutritionViewInteractor.swift in Sources */ = {isa = PBXBuildFile; fileRef = E77D01DA243A2CED0094A3EB /* NutritionViewInteractor.swift */; };
		E77D01DD243A2CFD0094A3EB /* NutritionViewPresenter.swift in Sources */ = {isa = PBXBuildFile; fileRef = E77D01DC243A2CFD0094A3EB /* NutritionViewPresenter.swift */; };
		E7E7F626243A44BB00D0F172 /* NutritionViewRouter.swift in Sources */ = {isa = PBXBuildFile; fileRef = E7E7F625243A44BB00D0F172 /* NutritionViewRouter.swift */; };
/* End PBXBuildFile section */

/* Begin PBXContainerItemProxy section */
		E77D01BF243A19220094A3EB /* PBXContainerItemProxy */ = {
			isa = PBXContainerItemProxy;
			containerPortal = E77D01A0243A19180094A3EB /* Project object */;
			proxyType = 1;
			remoteGlobalIDString = E77D01A7243A19180094A3EB;
			remoteInfo = Nutrition;
		};
/* End PBXContainerItemProxy section */

/* Begin PBXFileReference section */
		E77D01A8243A19180094A3EB /* Nutrition.app */ = {isa = PBXFileReference; explicitFileType = wrapper.application; includeInIndex = 0; path = Nutrition.app; sourceTree = BUILT_PRODUCTS_DIR; };
		E77D01AB243A19180094A3EB /* AppDelegate.swift */ = {isa = PBXFileReference; lastKnownFileType = sourcecode.swift; path = AppDelegate.swift; sourceTree = "<group>"; };
		E77D01AD243A19180094A3EB /* SceneDelegate.swift */ = {isa = PBXFileReference; lastKnownFileType = sourcecode.swift; path = SceneDelegate.swift; sourceTree = "<group>"; };
		E77D01AF243A19180094A3EB /* NutritionViewController.swift */ = {isa = PBXFileReference; lastKnownFileType = sourcecode.swift; path = NutritionViewController.swift; sourceTree = "<group>"; };
		E77D01B2243A19180094A3EB /* Base */ = {isa = PBXFileReference; lastKnownFileType = file.storyboard; name = Base; path = Base.lproj/Main.storyboard; sourceTree = "<group>"; };
		E77D01B4243A19210094A3EB /* Assets.xcassets */ = {isa = PBXFileReference; lastKnownFileType = folder.assetcatalog; path = Assets.xcassets; sourceTree = "<group>"; };
		E77D01B7243A19210094A3EB /* Base */ = {isa = PBXFileReference; lastKnownFileType = file.storyboard; name = Base; path = Base.lproj/LaunchScreen.storyboard; sourceTree = "<group>"; };
		E77D01B9243A19210094A3EB /* Info.plist */ = {isa = PBXFileReference; lastKnownFileType = text.plist.xml; path = Info.plist; sourceTree = "<group>"; };
		E77D01BE243A19220094A3EB /* NutritionTests.xctest */ = {isa = PBXFileReference; explicitFileType = wrapper.cfbundle; includeInIndex = 0; path = NutritionTests.xctest; sourceTree = BUILT_PRODUCTS_DIR; };
		E77D01C2243A19220094A3EB /* NutritionTests.swift */ = {isa = PBXFileReference; lastKnownFileType = sourcecode.swift; path = NutritionTests.swift; sourceTree = "<group>"; };
		E77D01C4243A19220094A3EB /* Info.plist */ = {isa = PBXFileReference; lastKnownFileType = text.plist.xml; path = Info.plist; sourceTree = "<group>"; };
		E77D01CE243A19C90094A3EB /* HTTPControllerTests.swift */ = {isa = PBXFileReference; lastKnownFileType = sourcecode.swift; path = HTTPControllerTests.swift; sourceTree = "<group>"; };
		E77D01D0243A19DD0094A3EB /* HTTPController.swift */ = {isa = PBXFileReference; lastKnownFileType = sourcecode.swift; path = HTTPController.swift; sourceTree = "<group>"; };
		E77D01D4243A1CD00094A3EB /* Requests.swift */ = {isa = PBXFileReference; lastKnownFileType = sourcecode.swift; path = Requests.swift; sourceTree = "<group>"; };
		E77D01D7243A26F80094A3EB /* NutritionApiService.swift */ = {isa = PBXFileReference; lastKnownFileType = sourcecode.swift; path = NutritionApiService.swift; sourceTree = "<group>"; };
		E77D01DA243A2CED0094A3EB /* NutritionViewInteractor.swift */ = {isa = PBXFileReference; lastKnownFileType = sourcecode.swift; path = NutritionViewInteractor.swift; sourceTree = "<group>"; };
		E77D01DC243A2CFD0094A3EB /* NutritionViewPresenter.swift */ = {isa = PBXFileReference; lastKnownFileType = sourcecode.swift; path = NutritionViewPresenter.swift; sourceTree = "<group>"; };
		E7E7F625243A44BB00D0F172 /* NutritionViewRouter.swift */ = {isa = PBXFileReference; lastKnownFileType = sourcecode.swift; path = NutritionViewRouter.swift; sourceTree = "<group>"; };
/* End PBXFileReference section */

/* Begin PBXFrameworksBuildPhase section */
		E77D01A5243A19180094A3EB /* Frameworks */ = {
			isa = PBXFrameworksBuildPhase;
			buildActionMask = 2147483647;
			files = (
			);
			runOnlyForDeploymentPostprocessing = 0;
		};
		E77D01BB243A19220094A3EB /* Frameworks */ = {
			isa = PBXFrameworksBuildPhase;
			buildActionMask = 2147483647;
			files = (
			);
			runOnlyForDeploymentPostprocessing = 0;
		};
/* End PBXFrameworksBuildPhase section */

/* Begin PBXGroup section */
		E77D019F243A19180094A3EB = {
			isa = PBXGroup;
			children = (
				E77D01AA243A19180094A3EB /* Nutrition */,
				E77D01C1243A19220094A3EB /* NutritionTests */,
				E77D01A9243A19180094A3EB /* Products */,
			);
			sourceTree = "<group>";
		};
		E77D01A9243A19180094A3EB /* Products */ = {
			isa = PBXGroup;
			children = (
				E77D01A8243A19180094A3EB /* Nutrition.app */,
				E77D01BE243A19220094A3EB /* NutritionTests.xctest */,
			);
			name = Products;
			sourceTree = "<group>";
		};
		E77D01AA243A19180094A3EB /* Nutrition */ = {
			isa = PBXGroup;
			children = (
				E77D01D9243A2C730094A3EB /* NutritionViewModule */,
				E77D01D6243A26B20094A3EB /* Services */,
				E77D01D3243A1A7C0094A3EB /* Rest */,
				E77D01AB243A19180094A3EB /* AppDelegate.swift */,
				E77D01AD243A19180094A3EB /* SceneDelegate.swift */,
				E77D01B1243A19180094A3EB /* Main.storyboard */,
				E77D01B4243A19210094A3EB /* Assets.xcassets */,
				E77D01B6243A19210094A3EB /* LaunchScreen.storyboard */,
				E77D01B9243A19210094A3EB /* Info.plist */,
			);
			path = Nutrition;
			sourceTree = "<group>";
		};
		E77D01C1243A19220094A3EB /* NutritionTests */ = {
			isa = PBXGroup;
			children = (
				E77D01CD243A19A40094A3EB /* Rest */,
				E77D01C2243A19220094A3EB /* NutritionTests.swift */,
				E77D01C4243A19220094A3EB /* Info.plist */,
			);
			path = NutritionTests;
			sourceTree = "<group>";
		};
		E77D01CD243A19A40094A3EB /* Rest */ = {
			isa = PBXGroup;
			children = (
				E77D01CE243A19C90094A3EB /* HTTPControllerTests.swift */,
			);
			path = Rest;
			sourceTree = "<group>";
		};
		E77D01D3243A1A7C0094A3EB /* Rest */ = {
			isa = PBXGroup;
			children = (
				E77D01D0243A19DD0094A3EB /* HTTPController.swift */,
				E77D01D4243A1CD00094A3EB /* Requests.swift */,
			);
			path = Rest;
			sourceTree = "<group>";
		};
		E77D01D6243A26B20094A3EB /* Services */ = {
			isa = PBXGroup;
			children = (
				E77D01D7243A26F80094A3EB /* NutritionApiService.swift */,
			);
			path = Services;
			sourceTree = "<group>";
		};
		E77D01D9243A2C730094A3EB /* NutritionViewModule */ = {
			isa = PBXGroup;
			children = (
				E77D01AF243A19180094A3EB /* NutritionViewController.swift */,
				E77D01DA243A2CED0094A3EB /* NutritionViewInteractor.swift */,
				E77D01DC243A2CFD0094A3EB /* NutritionViewPresenter.swift */,
				E7E7F625243A44BB00D0F172 /* NutritionViewRouter.swift */,
			);
			path = NutritionViewModule;
			sourceTree = "<group>";
		};
/* End PBXGroup section */

/* Begin PBXNativeTarget section */
		E77D01A7243A19180094A3EB /* Nutrition */ = {
			isa = PBXNativeTarget;
			buildConfigurationList = E77D01C7243A19220094A3EB /* Build configuration list for PBXNativeTarget "Nutrition" */;
			buildPhases = (
				E77D01A4243A19180094A3EB /* Sources */,
				E77D01A5243A19180094A3EB /* Frameworks */,
				E77D01A6243A19180094A3EB /* Resources */,
			);
			buildRules = (
			);
			dependencies = (
			);
			name = Nutrition;
			productName = Nutrition;
			productReference = E77D01A8243A19180094A3EB /* Nutrition.app */;
			productType = "com.apple.product-type.application";
		};
		E77D01BD243A19220094A3EB /* NutritionTests */ = {
			isa = PBXNativeTarget;
			buildConfigurationList = E77D01CA243A19220094A3EB /* Build configuration list for PBXNativeTarget "NutritionTests" */;
			buildPhases = (
				E77D01BA243A19220094A3EB /* Sources */,
				E77D01BB243A19220094A3EB /* Frameworks */,
				E77D01BC243A19220094A3EB /* Resources */,
			);
			buildRules = (
			);
			dependencies = (
				E77D01C0243A19220094A3EB /* PBXTargetDependency */,
			);
			name = NutritionTests;
			productName = NutritionTests;
			productReference = E77D01BE243A19220094A3EB /* NutritionTests.xctest */;
			productType = "com.apple.product-type.bundle.unit-test";
		};
/* End PBXNativeTarget section */

/* Begin PBXProject section */
		E77D01A0243A19180094A3EB /* Project object */ = {
			isa = PBXProject;
			attributes = {
				LastSwiftUpdateCheck = 1120;
				LastUpgradeCheck = 1120;
				ORGANIZATIONNAME = ChrisTappin;
				TargetAttributes = {
					E77D01A7243A19180094A3EB = {
						CreatedOnToolsVersion = 11.2.1;
					};
					E77D01BD243A19220094A3EB = {
						CreatedOnToolsVersion = 11.2.1;
						TestTargetID = E77D01A7243A19180094A3EB;
					};
				};
			};
			buildConfigurationList = E77D01A3243A19180094A3EB /* Build configuration list for PBXProject "Nutrition" */;
			compatibilityVersion = "Xcode 9.3";
			developmentRegion = en;
			hasScannedForEncodings = 0;
			knownRegions = (
				en,
				Base,
			);
			mainGroup = E77D019F243A19180094A3EB;
			productRefGroup = E77D01A9243A19180094A3EB /* Products */;
			projectDirPath = "";
			projectRoot = "";
			targets = (
				E77D01A7243A19180094A3EB /* Nutrition */,
				E77D01BD243A19220094A3EB /* NutritionTests */,
			);
		};
/* End PBXProject section */

/* Begin PBXResourcesBuildPhase section */
		E77D01A6243A19180094A3EB /* Resources */ = {
			isa = PBXResourcesBuildPhase;
			buildActionMask = 2147483647;
			files = (
				E77D01B8243A19210094A3EB /* LaunchScreen.storyboard in Resources */,
				E77D01B5243A19210094A3EB /* Assets.xcassets in Resources */,
				E77D01B3243A19180094A3EB /* Main.storyboard in Resources */,
			);
			runOnlyForDeploymentPostprocessing = 0;
		};
		E77D01BC243A19220094A3EB /* Resources */ = {
			isa = PBXResourcesBuildPhase;
			buildActionMask = 2147483647;
			files = (
			);
			runOnlyForDeploymentPostprocessing = 0;
		};
/* End PBXResourcesBuildPhase section */

/* Begin PBXSourcesBuildPhase section */
		E77D01A4243A19180094A3EB /* Sources */ = {
			isa = PBXSourcesBuildPhase;
			buildActionMask = 2147483647;
			files = (
				E77D01B0243A19180094A3EB /* NutritionViewController.swift in Sources */,
				E77D01DB243A2CED0094A3EB /* NutritionViewInteractor.swift in Sources */,
				E7E7F626243A44BB00D0F172 /* NutritionViewRouter.swift in Sources */,
				E77D01D8243A26F80094A3EB /* NutritionApiService.swift in Sources */,
				E77D01AC243A19180094A3EB /* AppDelegate.swift in Sources */,
				E77D01AE243A19180094A3EB /* SceneDelegate.swift in Sources */,
				E77D01D5243A1CD00094A3EB /* Requests.swift in Sources */,
				E77D01DD243A2CFD0094A3EB /* NutritionViewPresenter.swift in Sources */,
				E77D01D1243A19DD0094A3EB /* HTTPController.swift in Sources */,
			);
			runOnlyForDeploymentPostprocessing = 0;
		};
		E77D01BA243A19220094A3EB /* Sources */ = {
			isa = PBXSourcesBuildPhase;
			buildActionMask = 2147483647;
			files = (
				E77D01C3243A19220094A3EB /* NutritionTests.swift in Sources */,
				E77D01CF243A19C90094A3EB /* HTTPControllerTests.swift in Sources */,
			);
			runOnlyForDeploymentPostprocessing = 0;
		};
/* End PBXSourcesBuildPhase section */

/* Begin PBXTargetDependency section */
		E77D01C0243A19220094A3EB /* PBXTargetDependency */ = {
			isa = PBXTargetDependency;
			target = E77D01A7243A19180094A3EB /* Nutrition */;
			targetProxy = E77D01BF243A19220094A3EB /* PBXContainerItemProxy */;
		};
/* End PBXTargetDependency section */

/* Begin PBXVariantGroup section */
		E77D01B1243A19180094A3EB /* Main.storyboard */ = {
			isa = PBXVariantGroup;
			children = (
				E77D01B2243A19180094A3EB /* Base */,
			);
			name = Main.storyboard;
			sourceTree = "<group>";
		};
		E77D01B6243A19210094A3EB /* LaunchScreen.storyboard */ = {
			isa = PBXVariantGroup;
			children = (
				E77D01B7243A19210094A3EB /* Base */,
			);
			name = LaunchScreen.storyboard;
			sourceTree = "<group>";
		};
/* End PBXVariantGroup section */

/* Begin XCBuildConfiguration section */
		E77D01C5243A19220094A3EB /* Debug */ = {
			isa = XCBuildConfiguration;
			buildSettings = {
				ALWAYS_SEARCH_USER_PATHS = NO;
				CLANG_ANALYZER_NONNULL = YES;
				CLANG_ANALYZER_NUMBER_OBJECT_CONVERSION = YES_AGGRESSIVE;
				CLANG_CXX_LANGUAGE_STANDARD = "gnu++14";
				CLANG_CXX_LIBRARY = "libc++";
				CLANG_ENABLE_MODULES = YES;
				CLANG_ENABLE_OBJC_ARC = YES;
				CLANG_ENABLE_OBJC_WEAK = YES;
				CLANG_WARN_BLOCK_CAPTURE_AUTORELEASING = YES;
				CLANG_WARN_BOOL_CONVERSION = YES;
				CLANG_WARN_COMMA = YES;
				CLANG_WARN_CONSTANT_CONVERSION = YES;
				CLANG_WARN_DEPRECATED_OBJC_IMPLEMENTATIONS = YES;
				CLANG_WARN_DIRECT_OBJC_ISA_USAGE = YES_ERROR;
				CLANG_WARN_DOCUMENTATION_COMMENTS = YES;
				CLANG_WARN_EMPTY_BODY = YES;
				CLANG_WARN_ENUM_CONVERSION = YES;
				CLANG_WARN_INFINITE_RECURSION = YES;
				CLANG_WARN_INT_CONVERSION = YES;
				CLANG_WARN_NON_LITERAL_NULL_CONVERSION = YES;
				CLANG_WARN_OBJC_IMPLICIT_RETAIN_SELF = YES;
				CLANG_WARN_OBJC_LITERAL_CONVERSION = YES;
				CLANG_WARN_OBJC_ROOT_CLASS = YES_ERROR;
				CLANG_WARN_RANGE_LOOP_ANALYSIS = YES;
				CLANG_WARN_STRICT_PROTOTYPES = YES;
				CLANG_WARN_SUSPICIOUS_MOVE = YES;
				CLANG_WARN_UNGUARDED_AVAILABILITY = YES_AGGRESSIVE;
				CLANG_WARN_UNREACHABLE_CODE = YES;
				CLANG_WARN__DUPLICATE_METHOD_MATCH = YES;
				COPY_PHASE_STRIP = NO;
				DEBUG_INFORMATION_FORMAT = dwarf;
				ENABLE_STRICT_OBJC_MSGSEND = YES;
				ENABLE_TESTABILITY = YES;
				GCC_C_LANGUAGE_STANDARD = gnu11;
				GCC_DYNAMIC_NO_PIC = NO;
				GCC_NO_COMMON_BLOCKS = YES;
				GCC_OPTIMIZATION_LEVEL = 0;
				GCC_PREPROCESSOR_DEFINITIONS = (
					"DEBUG=1",
					"$(inherited)",
				);
				GCC_WARN_64_TO_32_BIT_CONVERSION = YES;
				GCC_WARN_ABOUT_RETURN_TYPE = YES_ERROR;
				GCC_WARN_UNDECLARED_SELECTOR = YES;
				GCC_WARN_UNINITIALIZED_AUTOS = YES_AGGRESSIVE;
				GCC_WARN_UNUSED_FUNCTION = YES;
				GCC_WARN_UNUSED_VARIABLE = YES;
				IPHONEOS_DEPLOYMENT_TARGET = 13.2;
				MTL_ENABLE_DEBUG_INFO = INCLUDE_SOURCE;
				MTL_FAST_MATH = YES;
				ONLY_ACTIVE_ARCH = YES;
				SDKROOT = iphoneos;
				SWIFT_ACTIVE_COMPILATION_CONDITIONS = DEBUG;
				SWIFT_OPTIMIZATION_LEVEL = "-Onone";
			};
			name = Debug;
		};
		E77D01C6243A19220094A3EB /* Release */ = {
			isa = XCBuildConfiguration;
			buildSettings = {
				ALWAYS_SEARCH_USER_PATHS = NO;
				CLANG_ANALYZER_NONNULL = YES;
				CLANG_ANALYZER_NUMBER_OBJECT_CONVERSION = YES_AGGRESSIVE;
				CLANG_CXX_LANGUAGE_STANDARD = "gnu++14";
				CLANG_CXX_LIBRARY = "libc++";
				CLANG_ENABLE_MODULES = YES;
				CLANG_ENABLE_OBJC_ARC = YES;
				CLANG_ENABLE_OBJC_WEAK = YES;
				CLANG_WARN_BLOCK_CAPTURE_AUTORELEASING = YES;
				CLANG_WARN_BOOL_CONVERSION = YES;
				CLANG_WARN_COMMA = YES;
				CLANG_WARN_CONSTANT_CONVERSION = YES;
				CLANG_WARN_DEPRECATED_OBJC_IMPLEMENTATIONS = YES;
				CLANG_WARN_DIRECT_OBJC_ISA_USAGE = YES_ERROR;
				CLANG_WARN_DOCUMENTATION_COMMENTS = YES;
				CLANG_WARN_EMPTY_BODY = YES;
				CLANG_WARN_ENUM_CONVERSION = YES;
				CLANG_WARN_INFINITE_RECURSION = YES;
				CLANG_WARN_INT_CONVERSION = YES;
				CLANG_WARN_NON_LITERAL_NULL_CONVERSION = YES;
				CLANG_WARN_OBJC_IMPLICIT_RETAIN_SELF = YES;
				CLANG_WARN_OBJC_LITERAL_CONVERSION = YES;
				CLANG_WARN_OBJC_ROOT_CLASS = YES_ERROR;
				CLANG_WARN_RANGE_LOOP_ANALYSIS = YES;
				CLANG_WARN_STRICT_PROTOTYPES = YES;
				CLANG_WARN_SUSPICIOUS_MOVE = YES;
				CLANG_WARN_UNGUARDED_AVAILABILITY = YES_AGGRESSIVE;
				CLANG_WARN_UNREACHABLE_CODE = YES;
				CLANG_WARN__DUPLICATE_METHOD_MATCH = YES;
				COPY_PHASE_STRIP = NO;
				DEBUG_INFORMATION_FORMAT = "dwarf-with-dsym";
				ENABLE_NS_ASSERTIONS = NO;
				ENABLE_STRICT_OBJC_MSGSEND = YES;
				GCC_C_LANGUAGE_STANDARD = gnu11;
				GCC_NO_COMMON_BLOCKS = YES;
				GCC_WARN_64_TO_32_BIT_CONVERSION = YES;
				GCC_WARN_ABOUT_RETURN_TYPE = YES_ERROR;
				GCC_WARN_UNDECLARED_SELECTOR = YES;
				GCC_WARN_UNINITIALIZED_AUTOS = YES_AGGRESSIVE;
				GCC_WARN_UNUSED_FUNCTION = YES;
				GCC_WARN_UNUSED_VARIABLE = YES;
				IPHONEOS_DEPLOYMENT_TARGET = 13.2;
				MTL_ENABLE_DEBUG_INFO = NO;
				MTL_FAST_MATH = YES;
				SDKROOT = iphoneos;
				SWIFT_COMPILATION_MODE = wholemodule;
				SWIFT_OPTIMIZATION_LEVEL = "-O";
				VALIDATE_PRODUCT = YES;
			};
			name = Release;
		};
		E77D01C8243A19220094A3EB /* Debug */ = {
			isa = XCBuildConfiguration;
			buildSettings = {
				ASSETCATALOG_COMPILER_APPICON_NAME = AppIcon;
				CODE_SIGN_STYLE = Automatic;
				INFOPLIST_FILE = Nutrition/Info.plist;
				LD_RUNPATH_SEARCH_PATHS = (
					"$(inherited)",
					"@executable_path/Frameworks",
				);
				PRODUCT_BUNDLE_IDENTIFIER = com.tappin.Nutrition;
				PRODUCT_NAME = "$(TARGET_NAME)";
				SWIFT_VERSION = 5.0;
				TARGETED_DEVICE_FAMILY = 1;
			};
			name = Debug;
		};
		E77D01C9243A19220094A3EB /* Release */ = {
			isa = XCBuildConfiguration;
			buildSettings = {
				ASSETCATALOG_COMPILER_APPICON_NAME = AppIcon;
				CODE_SIGN_STYLE = Automatic;
				INFOPLIST_FILE = Nutrition/Info.plist;
				LD_RUNPATH_SEARCH_PATHS = (
					"$(inherited)",
					"@executable_path/Frameworks",
				);
				PRODUCT_BUNDLE_IDENTIFIER = com.tappin.Nutrition;
				PRODUCT_NAME = "$(TARGET_NAME)";
				SWIFT_VERSION = 5.0;
				TARGETED_DEVICE_FAMILY = 1;
			};
			name = Release;
		};
		E77D01CB243A19220094A3EB /* Debug */ = {
			isa = XCBuildConfiguration;
			buildSettings = {
				ALWAYS_EMBED_SWIFT_STANDARD_LIBRARIES = YES;
				BUNDLE_LOADER = "$(TEST_HOST)";
				CODE_SIGN_STYLE = Automatic;
				INFOPLIST_FILE = NutritionTests/Info.plist;
				IPHONEOS_DEPLOYMENT_TARGET = 13.2;
				LD_RUNPATH_SEARCH_PATHS = (
					"$(inherited)",
					"@executable_path/Frameworks",
					"@loader_path/Frameworks",
				);
				PRODUCT_BUNDLE_IDENTIFIER = com.tappin.NutritionTests;
				PRODUCT_NAME = "$(TARGET_NAME)";
				SWIFT_VERSION = 5.0;
				TARGETED_DEVICE_FAMILY = "1,2";
				TEST_HOST = "$(BUILT_PRODUCTS_DIR)/Nutrition.app/Nutrition";
			};
			name = Debug;
		};
		E77D01CC243A19220094A3EB /* Release */ = {
			isa = XCBuildConfiguration;
			buildSettings = {
				ALWAYS_EMBED_SWIFT_STANDARD_LIBRARIES = YES;
				BUNDLE_LOADER = "$(TEST_HOST)";
				CODE_SIGN_STYLE = Automatic;
				INFOPLIST_FILE = NutritionTests/Info.plist;
				IPHONEOS_DEPLOYMENT_TARGET = 13.2;
				LD_RUNPATH_SEARCH_PATHS = (
					"$(inherited)",
					"@executable_path/Frameworks",
					"@loader_path/Frameworks",
				);
				PRODUCT_BUNDLE_IDENTIFIER = com.tappin.NutritionTests;
				PRODUCT_NAME = "$(TARGET_NAME)";
				SWIFT_VERSION = 5.0;
				TARGETED_DEVICE_FAMILY = "1,2";
				TEST_HOST = "$(BUILT_PRODUCTS_DIR)/Nutrition.app/Nutrition";
			};
			name = Release;
		};
/* End XCBuildConfiguration section */

/* Begin XCConfigurationList section */
		E77D01A3243A19180094A3EB /* Build configuration list for PBXProject "Nutrition" */ = {
			isa = XCConfigurationList;
			buildConfigurations = (
				E77D01C5243A19220094A3EB /* Debug */,
				E77D01C6243A19220094A3EB /* Release */,
			);
			defaultConfigurationIsVisible = 0;
			defaultConfigurationName = Release;
		};
		E77D01C7243A19220094A3EB /* Build configuration list for PBXNativeTarget "Nutrition" */ = {
			isa = XCConfigurationList;
			buildConfigurations = (
				E77D01C8243A19220094A3EB /* Debug */,
				E77D01C9243A19220094A3EB /* Release */,
			);
			defaultConfigurationIsVisible = 0;
			defaultConfigurationName = Release;
		};
		E77D01CA243A19220094A3EB /* Build configuration list for PBXNativeTarget "NutritionTests" */ = {
			isa = XCConfigurationList;
			buildConfigurations = (
				E77D01CB243A19220094A3EB /* Debug */,
				E77D01CC243A19220094A3EB /* Release */,
			);
			defaultConfigurationIsVisible = 0;
			defaultConfigurationName = Release;
		};
/* End XCConfigurationList section */
	};
	rootObject = E77D01A0243A19180094A3EB /* Project object */;
}
